
Microsoft Visual Studio Solution File, Format Version 12.00
# Visual Studio 15
VisualStudioVersion = 15.0.26403.0
MinimumVisualStudioVersion = 10.0.40219.1
Project("{FAE04EC0-301F-11D3-BF4B-00C04F79EFBC}") = "Courses", "Courses\Courses.csproj", "{DF295370-3DF6-49FE-88B0-9F32B66183E6}"
EndProject
Project("{FAE04EC0-301F-11D3-BF4B-00C04F79EFBC}") = "Courses.DataAccess", "Courses.DataAccess\Courses.DataAccess.csproj", "{5BCCF305-E4C4-4388-9C6D-332FD8DCC097}"
EndProject
Project("{FAE04EC0-301F-11D3-BF4B-00C04F79EFBC}") = "Courses.Entities", "Courses.Entities\Courses.Entities.csproj", "{46D331E6-77B1-415F-80A8-C59C12409805}"
EndProject
Global
	GlobalSection(SolutionConfigurationPlatforms) = preSolution
		Debug|Any CPU = Debug|Any CPU
		Release|Any CPU = Release|Any CPU
	EndGlobalSection
	GlobalSection(ProjectConfigurationPlatforms) = postSolution
		{DF295370-3DF6-49FE-88B0-9F32B66183E6}.Debug|Any CPU.ActiveCfg = Debug|Any CPU
		{DF295370-3DF6-49FE-88B0-9F32B66183E6}.Debug|Any CPU.Build.0 = Debug|Any CPU
		{DF295370-3DF6-49FE-88B0-9F32B66183E6}.Release|Any CPU.ActiveCfg = Release|Any CPU
		{DF295370-3DF6-49FE-88B0-9F32B66183E6}.Release|Any CPU.Build.0 = Release|Any CPU
		{5BCCF305-E4C4-4388-9C6D-332FD8DCC097}.Debug|Any CPU.ActiveCfg = Debug|Any CPU
		{5BCCF305-E4C4-4388-9C6D-332FD8DCC097}.Debug|Any CPU.Build.0 = Debug|Any CPU
		{5BCCF305-E4C4-4388-9C6D-332FD8DCC097}.Release|Any CPU.ActiveCfg = Release|Any CPU
		{5BCCF305-E4C4-4388-9C6D-332FD8DCC097}.Release|Any CPU.Build.0 = Release|Any CPU
		{46D331E6-77B1-415F-80A8-C59C12409805}.Debug|Any CPU.ActiveCfg = Debug|Any CPU
		{46D331E6-77B1-415F-80A8-C59C12409805}.Debug|Any CPU.Build.0 = Debug|Any CPU
		{46D331E6-77B1-415F-80A8-C59C12409805}.Release|Any CPU.ActiveCfg = Release|Any CPU
		{46D331E6-77B1-415F-80A8-C59C12409805}.Release|Any CPU.Build.0 = Release|Any CPU
	EndGlobalSection
	GlobalSection(SolutionProperties) = preSolution
		HideSolutionNode = FALSE
	EndGlobalSection
	GlobalSection(ExtensibilityGlobals) = postSolution
		SolutionGuid = {06A14256-B226-44C5-AE1B-BDF7F294E709}
	EndGlobalSection
EndGlobal
